{
  "name": "be-composed",
  "version": "0.0.0",
  "lockfileVersion": 2,
  "requires": true,
  "packages": {
    "": {
      "name": "be-composed",
      "version": "0.0.0",
      "license": "MIT",
      "dependencies": {
        "be-decorated": "0.0.133",
        "be-hive": "0.0.56"
      }
    },
    "node_modules/be-decorated": {
      "version": "0.0.133",
      "resolved": "https://registry.npmjs.org/be-decorated/-/be-decorated-0.0.133.tgz",
      "integrity": "sha512-y3S9UbWlj7BaPanMvnttaNTJR3oZWFxCZjDW0vtFcyd4C+FSiJk9FIHWJdWo+3JdDwuHCgHGLZZhCB866OAL/w==",
      "dependencies": {
        "trans-render": "0.0.574",
        "xtal-element": "0.0.513"
      }
    },
    "node_modules/be-hive": {
      "version": "0.0.56",
      "resolved": "https://registry.npmjs.org/be-hive/-/be-hive-0.0.56.tgz",
      "integrity": "sha512-LMO5pQXTUOPM8Yk2Bo6nH7XjGJJObAfLEiU62A6irQOAQQOHtXVN/FBtNV0Ar+M7iW1cXvck/qSI9VhA712lVw==",
      "dependencies": {
        "trans-render": "0.0.574"
      }
    },
    "node_modules/trans-render": {
      "version": "0.0.574",
      "resolved": "https://registry.npmjs.org/trans-render/-/trans-render-0.0.574.tgz",
      "integrity": "sha512-s3tUWvBmRwOGUJ4DAilHcNsg1heeTUKNstSCeh9mFEgvP1JgxO296ODfxeh8DMLWg97BrrtU3xvDdObKzbfyBg=="
    },
    "node_modules/xtal-element": {
      "version": "0.0.513",
      "resolved": "https://registry.npmjs.org/xtal-element/-/xtal-element-0.0.513.tgz",
      "integrity": "sha512-4QSrn+HeMJceUw7HLuzelPchlZKqQZ2tEdHNFh5nWXva/Q/zvRM0QIiOcFs2hNYkcmvJJ2OggOlBSGsfJPWxoA==",
      "dependencies": {
        "trans-render": "0.0.574"
      }
    }
  },
  "dependencies": {
    "be-decorated": {
      "version": "0.0.133",
      "resolved": "https://registry.npmjs.org/be-decorated/-/be-decorated-0.0.133.tgz",
      "integrity": "sha512-y3S9UbWlj7BaPanMvnttaNTJR3oZWFxCZjDW0vtFcyd4C+FSiJk9FIHWJdWo+3JdDwuHCgHGLZZhCB866OAL/w==",
      "requires": {
        "trans-render": "0.0.574",
        "xtal-element": "0.0.513"
      }
    },
    "be-hive": {
      "version": "0.0.56",
      "resolved": "https://registry.npmjs.org/be-hive/-/be-hive-0.0.56.tgz",
      "integrity": "sha512-LMO5pQXTUOPM8Yk2Bo6nH7XjGJJObAfLEiU62A6irQOAQQOHtXVN/FBtNV0Ar+M7iW1cXvck/qSI9VhA712lVw==",
      "requires": {
        "trans-render": "0.0.574"
      }
    },
    "trans-render": {
      "version": "0.0.574",
      "resolved": "https://registry.npmjs.org/trans-render/-/trans-render-0.0.574.tgz",
      "integrity": "sha512-s3tUWvBmRwOGUJ4DAilHcNsg1heeTUKNstSCeh9mFEgvP1JgxO296ODfxeh8DMLWg97BrrtU3xvDdObKzbfyBg=="
    },
    "xtal-element": {
      "version": "0.0.513",
      "resolved": "https://registry.npmjs.org/xtal-element/-/xtal-element-0.0.513.tgz",
      "integrity": "sha512-4QSrn+HeMJceUw7HLuzelPchlZKqQZ2tEdHNFh5nWXva/Q/zvRM0QIiOcFs2hNYkcmvJJ2OggOlBSGsfJPWxoA==",
      "requires": {
        "trans-render": "0.0.574"
      }
    }
  }
}
